// !$*UTF8*$!
{
	archiveVersion = 1;
	classes = {
	};
	objectVersion = 77;
	objects = {

/* Begin PBXContainerItemProxy section */
		12FA5F802D045F04000C6A54 /* PBXContainerItemProxy */ = {
			isa = PBXContainerItemProxy;
			containerPortal = 12FA5F672D045F01000C6A54 /* Project object */;
			proxyType = 1;
			remoteGlobalIDString = 12FA5F6E2D045F01000C6A54;
			remoteInfo = mobilka;
		};
		12FA5F8A2D045F04000C6A54 /* PBXContainerItemProxy */ = {
			isa = PBXContainerItemProxy;
			containerPortal = 12FA5F672D045F01000C6A54 /* Project object */;
			proxyType = 1;
			remoteGlobalIDString = 12FA5F6E2D045F01000C6A54;
			remoteInfo = mobilka;
		};
/* End PBXContainerItemProxy section */

/* Begin PBXFileReference section */
		12FA5F6F2D045F01000C6A54 /* mobilka.app */ = {isa = PBXFileReference; explicitFileType = wrapper.application; includeInIndex = 0; path = mobilka.app; sourceTree = BUILT_PRODUCTS_DIR; };
		12FA5F7F2D045F04000C6A54 /* mobilkaTests.xctest */ = {isa = PBXFileReference; explicitFileType = wrapper.cfbundle; includeInIndex = 0; path = mobilkaTests.xctest; sourceTree = BUILT_PRODUCTS_DIR; };
		12FA5F892D045F04000C6A54 /* mobilkaUITests.xctest */ = {isa = PBXFileReference; explicitFileType = wrapper.cfbundle; includeInIndex = 0; path = mobilkaUITests.xctest; sourceTree = BUILT_PRODUCTS_DIR; };
/* End PBXFileReference section */

/* Begin PBXFileSystemSynchronizedRootGroup section */
		12FA5F712D045F01000C6A54 /* mobilka */ = {
			isa = PBXFileSystemSynchronizedRootGroup;
			path = mobilka;
			sourceTree = "<group>";
		};
		12FA5F822D045F04000C6A54 /* mobilkaTests */ = {
			isa = PBXFileSystemSynchronizedRootGroup;
			path = mobilkaTests;
			sourceTree = "<group>";
		};
		12FA5F8C2D045F04000C6A54 /* mobilkaUITests */ = {
			isa = PBXFileSystemSynchronizedRootGroup;
			path = mobilkaUITests;
			sourceTree = "<group>";
		};
/* End PBXFileSystemSynchronizedRootGroup section */

/* Begin PBXFrameworksBuildPhase section */
		12FA5F6C2D045F01000C6A54 /* Frameworks */ = {
			isa = PBXFrameworksBuildPhase;
			buildActionMask = 2147483647;
			files = (
			);
			runOnlyForDeploymentPostprocessing = 0;
		};
		12FA5F7C2D045F04000C6A54 /* Frameworks */ = {
			isa = PBXFrameworksBuildPhase;
			buildActionMask = 2147483647;
			files = (
			);
			runOnlyForDeploymentPostprocessing = 0;
		};
		12FA5F862D045F04000C6A54 /* Frameworks */ = {
			isa = PBXFrameworksBuildPhase;
			buildActionMask = 2147483647;
			files = (
			);
			runOnlyForDeploymentPostprocessing = 0;
		};
/* End PBXFrameworksBuildPhase section */

/* Begin PBXGroup section */
		12FA5F662D045F01000C6A54 = {
			isa = PBXGroup;
			children = (
				12FA5F712D045F01000C6A54 /* mobilka */,
				12FA5F822D045F04000C6A54 /* mobilkaTests */,
				12FA5F8C2D045F04000C6A54 /* mobilkaUITests */,
				12FA5F702D045F01000C6A54 /* Products */,
			);
			sourceTree = "<group>";
		};
		12FA5F702D045F01000C6A54 /* Products */ = {
			isa = PBXGroup;
			children = (
				12FA5F6F2D045F01000C6A54 /* mobilka.app */,
				12FA5F7F2D045F04000C6A54 /* mobilkaTests.xctest */,
				12FA5F892D045F04000C6A54 /* mobilkaUITests.xctest */,
			);
			name = Products;
			sourceTree = "<group>";
		};
/* End PBXGroup section */

/* Begin PBXNativeTarget section */
		12FA5F6E2D045F01000C6A54 /* mobilka */ = {
			isa = PBXNativeTarget;
			buildConfigurationList = 12FA5F932D045F04000C6A54 /* Build configuration list for PBXNativeTarget "mobilka" */;
			buildPhases = (
				12FA5F6B2D045F01000C6A54 /* Sources */,
				12FA5F6C2D045F01000C6A54 /* Frameworks */,
				12FA5F6D2D045F01000C6A54 /* Resources */,
			);
			buildRules = (
			);
			dependencies = (
			);
			fileSystemSynchronizedGroups = (
				12FA5F712D045F01000C6A54 /* mobilka */,
			);
			name = mobilka;
			packageProductDependencies = (
			);
			productName = mobilka;
			productReference = 12FA5F6F2D045F01000C6A54 /* mobilka.app */;
			productType = "com.apple.product-type.application";
		};
		12FA5F7E2D045F04000C6A54 /* mobilkaTests */ = {
			isa = PBXNativeTarget;
			buildConfigurationList = 12FA5F962D045F04000C6A54 /* Build configuration list for PBXNativeTarget "mobilkaTests" */;
			buildPhases = (
				12FA5F7B2D045F04000C6A54 /* Sources */,
				12FA5F7C2D045F04000C6A54 /* Frameworks */,
				12FA5F7D2D045F04000C6A54 /* Resources */,
			);
			buildRules = (
			);
			dependencies = (
				12FA5F812D045F04000C6A54 /* PBXTargetDependency */,
			);
			fileSystemSynchronizedGroups = (
				12FA5F822D045F04000C6A54 /* mobilkaTests */,
			);
			name = mobilkaTests;
			packageProductDependencies = (
			);
			productName = mobilkaTests;
			productReference = 12FA5F7F2D045F04000C6A54 /* mobilkaTests.xctest */;
			productType = "com.apple.product-type.bundle.unit-test";
		};
		12FA5F882D045F04000C6A54 /* mobilkaUITests */ = {
			isa = PBXNativeTarget;
			buildConfigurationList = 12FA5F992D045F04000C6A54 /* Build configuration list for PBXNativeTarget "mobilkaUITests" */;
			buildPhases = (
				12FA5F852D045F04000C6A54 /* Sources */,
				12FA5F862D045F04000C6A54 /* Frameworks */,
				12FA5F872D045F04000C6A54 /* Resources */,
			);
			buildRules = (
			);
			dependencies = (
				12FA5F8B2D045F04000C6A54 /* PBXTargetDependency */,
			);
			fileSystemSynchronizedGroups = (
				12FA5F8C2D045F04000C6A54 /* mobilkaUITests */,
			);
			name = mobilkaUITests;
			packageProductDependencies = (
			);
			productName = mobilkaUITests;
			productReference = 12FA5F892D045F04000C6A54 /* mobilkaUITests.xctest */;
			productType = "com.apple.product-type.bundle.ui-testing";
		};
/* End PBXNativeTarget section */

/* Begin PBXProject section */
		12FA5F672D045F01000C6A54 /* Project object */ = {
			isa = PBXProject;
			attributes = {
				BuildIndependentTargetsInParallel = 1;
				LastSwiftUpdateCheck = 1610;
				LastUpgradeCheck = 1610;
				TargetAttributes = {
					12FA5F6E2D045F01000C6A54 = {
						CreatedOnToolsVersion = 16.1;
					};
					12FA5F7E2D045F04000C6A54 = {
						CreatedOnToolsVersion = 16.1;
						TestTargetID = 12FA5F6E2D045F01000C6A54;
					};
					12FA5F882D045F04000C6A54 = {
						CreatedOnToolsVersion = 16.1;
						TestTargetID = 12FA5F6E2D045F01000C6A54;
					};
				};
			};
			buildConfigurationList = 12FA5F6A2D045F01000C6A54 /* Build configuration list for PBXProject "mobilka" */;
			developmentRegion = en;
			hasScannedForEncodings = 0;
			knownRegions = (
				en,
				Base,
			);
			mainGroup = 12FA5F662D045F01000C6A54;
			minimizedProjectReferenceProxies = 1;
			preferredProjectObjectVersion = 77;
			productRefGroup = 12FA5F702D045F01000C6A54 /* Products */;
			projectDirPath = "";
			projectRoot = "";
			targets = (
				12FA5F6E2D045F01000C6A54 /* mobilka */,
				12FA5F7E2D045F04000C6A54 /* mobilkaTests */,
				12FA5F882D045F04000C6A54 /* mobilkaUITests */,
			);
		};
/* End PBXProject section */

/* Begin PBXResourcesBuildPhase section */
		12FA5F6D2D045F01000C6A54 /* Resources */ = {
			isa = PBXResourcesBuildPhase;
			buildActionMask = 2147483647;
			files = (
			);
			runOnlyForDeploymentPostprocessing = 0;
		};
		12FA5F7D2D045F04000C6A54 /* Resources */ = {
			isa = PBXResourcesBuildPhase;
			buildActionMask = 2147483647;
			files = (
			);
			runOnlyForDeploymentPostprocessing = 0;
		};
		12FA5F872D045F04000C6A54 /* Resources */ = {
			isa = PBXResourcesBuildPhase;
			buildActionMask = 2147483647;
			files = (
			);
			runOnlyForDeploymentPostprocessing = 0;
		};
/* End PBXResourcesBuildPhase section */

/* Begin PBXSourcesBuildPhase section */
		12FA5F6B2D045F01000C6A54 /* Sources */ = {
			isa = PBXSourcesBuildPhase;
			buildActionMask = 2147483647;
			files = (
			);
			runOnlyForDeploymentPostprocessing = 0;
		};
		12FA5F7B2D045F04000C6A54 /* Sources */ = {
			isa = PBXSourcesBuildPhase;
			buildActionMask = 2147483647;
			files = (
			);
			runOnlyForDeploymentPostprocessing = 0;
		};
		12FA5F852D045F04000C6A54 /* Sources */ = {
			isa = PBXSourcesBuildPhase;
			buildActionMask = 2147483647;
			files = (
			);
			runOnlyForDeploymentPostprocessing = 0;
		};
/* End PBXSourcesBuildPhase section */

/* Begin PBXTargetDependency section */
		12FA5F812D045F04000C6A54 /* PBXTargetDependency */ = {
			isa = PBXTargetDependency;
			target = 12FA5F6E2D045F01000C6A54 /* mobilka */;
			targetProxy = 12FA5F802D045F04000C6A54 /* PBXContainerItemProxy */;
		};
		12FA5F8B2D045F04000C6A54 /* PBXTargetDependency */ = {
			isa = PBXTargetDependency;
			target = 12FA5F6E2D045F01000C6A54 /* mobilka */;
			targetProxy = 12FA5F8A2D045F04000C6A54 /* PBXContainerItemProxy */;
		};
/* End PBXTargetDependency section */

/* Begin XCBuildConfiguration section */
		12FA5F912D045F04000C6A54 /* Debug */ = {
			isa = XCBuildConfiguration;
			buildSettings = {
				ALWAYS_SEARCH_USER_PATHS = NO;
				ASSETCATALOG_COMPILER_GENERATE_SWIFT_ASSET_SYMBOL_EXTENSIONS = YES;
				CLANG_ANALYZER_NONNULL = YES;
				CLANG_ANALYZER_NUMBER_OBJECT_CONVERSION = YES_AGGRESSIVE;
				CLANG_CXX_LANGUAGE_STANDARD = "gnu++20";
				CLANG_ENABLE_MODULES = YES;
				CLANG_ENABLE_OBJC_ARC = YES;
				CLANG_ENABLE_OBJC_WEAK = YES;
				CLANG_WARN_BLOCK_CAPTURE_AUTORELEASING = YES;
				CLANG_WARN_BOOL_CONVERSION = YES;
				CLANG_WARN_COMMA = YES;
				CLANG_WARN_CONSTANT_CONVERSION = YES;
				CLANG_WARN_DEPRECATED_OBJC_IMPLEMENTATIONS = YES;
				CLANG_WARN_DIRECT_OBJC_ISA_USAGE = YES_ERROR;
				CLANG_WARN_DOCUMENTATION_COMMENTS = YES;
				CLANG_WARN_EMPTY_BODY = YES;
				CLANG_WARN_ENUM_CONVERSION = YES;
				CLANG_WARN_INFINITE_RECURSION = YES;
				CLANG_WARN_INT_CONVERSION = YES;
				CLANG_WARN_NON_LITERAL_NULL_CONVERSION = YES;
				CLANG_WARN_OBJC_IMPLICIT_RETAIN_SELF = YES;
				CLANG_WARN_OBJC_LITERAL_CONVERSION = YES;
				CLANG_WARN_OBJC_ROOT_CLASS = YES_ERROR;
				CLANG_WARN_QUOTED_INCLUDE_IN_FRAMEWORK_HEADER = YES;
				CLANG_WARN_RANGE_LOOP_ANALYSIS = YES;
				CLANG_WARN_STRICT_PROTOTYPES = YES;
				CLANG_WARN_SUSPICIOUS_MOVE = YES;
				CLANG_WARN_UNGUARDED_AVAILABILITY = YES_AGGRESSIVE;
				CLANG_WARN_UNREACHABLE_CODE = YES;
				CLANG_WARN__DUPLICATE_METHOD_MATCH = YES;
				COPY_PHASE_STRIP = NO;
				DEBUG_INFORMATION_FORMAT = dwarf;
				ENABLE_STRICT_OBJC_MSGSEND = YES;
				ENABLE_TESTABILITY = YES;
				ENABLE_USER_SCRIPT_SANDBOXING = YES;
				GCC_C_LANGUAGE_STANDARD = gnu17;
				GCC_DYNAMIC_NO_PIC = NO;
				GCC_NO_COMMON_BLOCKS = YES;
				GCC_OPTIMIZATION_LEVEL = 0;
				GCC_PREPROCESSOR_DEFINITIONS = (
					"DEBUG=1",
					"$(inherited)",
				);
				GCC_WARN_64_TO_32_BIT_CONVERSION = YES;
				GCC_WARN_ABOUT_RETURN_TYPE = YES_ERROR;
				GCC_WARN_UNDECLARED_SELECTOR = YES;
				GCC_WARN_UNINITIALIZED_AUTOS = YES_AGGRESSIVE;
				GCC_WARN_UNUSED_FUNCTION = YES;
				GCC_WARN_UNUSED_VARIABLE = YES;
				IPHONEOS_DEPLOYMENT_TARGET = 18.1;
				LOCALIZATION_PREFERS_STRING_CATALOGS = YES;
				MTL_ENABLE_DEBUG_INFO = INCLUDE_SOURCE;
				MTL_FAST_MATH = YES;
				ONLY_ACTIVE_ARCH = YES;
				SDKROOT = iphoneos;
				SWIFT_ACTIVE_COMPILATION_CONDITIONS = "DEBUG $(inherited)";
				SWIFT_OPTIMIZATION_LEVEL = "-Onone";
			};
			name = Debug;
		};
		12FA5F922D045F04000C6A54 /* Release */ = {
			isa = XCBuildConfiguration;
			buildSettings = {
				ALWAYS_SEARCH_USER_PATHS = NO;
				ASSETCATALOG_COMPILER_GENERATE_SWIFT_ASSET_SYMBOL_EXTENSIONS = YES;
				CLANG_ANALYZER_NONNULL = YES;
				CLANG_ANALYZER_NUMBER_OBJECT_CONVERSION = YES_AGGRESSIVE;
				CLANG_CXX_LANGUAGE_STANDARD = "gnu++20";
				CLANG_ENABLE_MODULES = YES;
				CLANG_ENABLE_OBJC_ARC = YES;
				CLANG_ENABLE_OBJC_WEAK = YES;
				CLANG_WARN_BLOCK_CAPTURE_AUTORELEASING = YES;
				CLANG_WARN_BOOL_CONVERSION = YES;
				CLANG_WARN_COMMA = YES;
				CLANG_WARN_CONSTANT_CONVERSION = YES;
				CLANG_WARN_DEPRECATED_OBJC_IMPLEMENTATIONS = YES;
				CLANG_WARN_DIRECT_OBJC_ISA_USAGE = YES_ERROR;
				CLANG_WARN_DOCUMENTATION_COMMENTS = YES;
				CLANG_WARN_EMPTY_BODY = YES;
				CLANG_WARN_ENUM_CONVERSION = YES;
				CLANG_WARN_INFINITE_RECURSION = YES;
				CLANG_WARN_INT_CONVERSION = YES;
				CLANG_WARN_NON_LITERAL_NULL_CONVERSION = YES;
				CLANG_WARN_OBJC_IMPLICIT_RETAIN_SELF = YES;
				CLANG_WARN_OBJC_LITERAL_CONVERSION = YES;
				CLANG_WARN_OBJC_ROOT_CLASS = YES_ERROR;
				CLANG_WARN_QUOTED_INCLUDE_IN_FRAMEWORK_HEADER = YES;
				CLANG_WARN_RANGE_LOOP_ANALYSIS = YES;
				CLANG_WARN_STRICT_PROTOTYPES = YES;
				CLANG_WARN_SUSPICIOUS_MOVE = YES;
				CLANG_WARN_UNGUARDED_AVAILABILITY = YES_AGGRESSIVE;
				CLANG_WARN_UNREACHABLE_CODE = YES;
				CLANG_WARN__DUPLICATE_METHOD_MATCH = YES;
				COPY_PHASE_STRIP = NO;
				DEBUG_INFORMATION_FORMAT = "dwarf-with-dsym";
				ENABLE_NS_ASSERTIONS = NO;
				ENABLE_STRICT_OBJC_MSGSEND = YES;
				ENABLE_USER_SCRIPT_SANDBOXING = YES;
				GCC_C_LANGUAGE_STANDARD = gnu17;
				GCC_NO_COMMON_BLOCKS = YES;
				GCC_WARN_64_TO_32_BIT_CONVERSION = YES;
				GCC_WARN_ABOUT_RETURN_TYPE = YES_ERROR;
				GCC_WARN_UNDECLARED_SELECTOR = YES;
				GCC_WARN_UNINITIALIZED_AUTOS = YES_AGGRESSIVE;
				GCC_WARN_UNUSED_FUNCTION = YES;
				GCC_WARN_UNUSED_VARIABLE = YES;
				IPHONEOS_DEPLOYMENT_TARGET = 18.1;
				LOCALIZATION_PREFERS_STRING_CATALOGS = YES;
				MTL_ENABLE_DEBUG_INFO = NO;
				MTL_FAST_MATH = YES;
				SDKROOT = iphoneos;
				SWIFT_COMPILATION_MODE = wholemodule;
				VALIDATE_PRODUCT = YES;
			};
			name = Release;
		};
		12FA5F942D045F04000C6A54 /* Debug */ = {
			isa = XCBuildConfiguration;
			buildSettings = {
				ASSETCATALOG_COMPILER_APPICON_NAME = AppIcon;
				ASSETCATALOG_COMPILER_GLOBAL_ACCENT_COLOR_NAME = AccentColor;
				CODE_SIGN_STYLE = Automatic;
				CURRENT_PROJECT_VERSION = 1;
				DEVELOPMENT_ASSET_PATHS = "\"mobilka/Preview Content\"";
				ENABLE_PREVIEWS = YES;
				GENERATE_INFOPLIST_FILE = YES;
				INFOPLIST_KEY_UIApplicationSceneManifest_Generation = YES;
				INFOPLIST_KEY_UIApplicationSupportsIndirectInputEvents = YES;
				INFOPLIST_KEY_UILaunchScreen_Generation = YES;
				INFOPLIST_KEY_UISupportedInterfaceOrientations_iPad = "UIInterfaceOrientationPortrait UIInterfaceOrientationPortraitUpsideDown UIInterfaceOrientationLandscapeLeft UIInterfaceOrientationLandscapeRight";
				INFOPLIST_KEY_UISupportedInterfaceOrientations_iPhone = "UIInterfaceOrientationPortrait UIInterfaceOrientationLandscapeLeft UIInterfaceOrientationLandscapeRight";
				LD_RUNPATH_SEARCH_PATHS = (
					"$(inherited)",
					"@executable_path/Frameworks",
				);
				MARKETING_VERSION = 1.0;
				PRODUCT_BUNDLE_IDENTIFIER = bbb.mobilka;
				PRODUCT_NAME = "$(TARGET_NAME)";
				SWIFT_EMIT_LOC_STRINGS = YES;
				SWIFT_VERSION = 5.0;
				TARGETED_DEVICE_FAMILY = "1,2";
			};
			name = Debug;
		};
		12FA5F952D045F04000C6A54 /* Release */ = {
			isa = XCBuildConfiguration;
			buildSettings = {
				ASSETCATALOG_COMPILER_APPICON_NAME = AppIcon;
				ASSETCATALOG_COMPILER_GLOBAL_ACCENT_COLOR_NAME = AccentColor;
				CODE_SIGN_STYLE = Automatic;
				CURRENT_PROJECT_VERSION = 1;
				DEVELOPMENT_ASSET_PATHS = "\"mobilka/Preview Content\"";
				ENABLE_PREVIEWS = YES;
				GENERATE_INFOPLIST_FILE = YES;
				INFOPLIST_KEY_UIApplicationSceneManifest_Generation = YES;
				INFOPLIST_KEY_UIApplicationSupportsIndirectInputEvents = YES;
				INFOPLIST_KEY_UILaunchScreen_Generation = YES;
				INFOPLIST_KEY_UISupportedInterfaceOrientations_iPad = "UIInterfaceOrientationPortrait UIInterfaceOrientationPortraitUpsideDown UIInterfaceOrientationLandscapeLeft UIInterfaceOrientationLandscapeRight";
				INFOPLIST_KEY_UISupportedInterfaceOrientations_iPhone = "UIInterfaceOrientationPortrait UIInterfaceOrientationLandscapeLeft UIInterfaceOrientationLandscapeRight";
				LD_RUNPATH_SEARCH_PATHS = (
					"$(inherited)",
					"@executable_path/Frameworks",
				);
				MARKETING_VERSION = 1.0;
				PRODUCT_BUNDLE_IDENTIFIER = bbb.mobilka;
				PRODUCT_NAME = "$(TARGET_NAME)";
				SWIFT_EMIT_LOC_STRINGS = YES;
				SWIFT_VERSION = 5.0;
				TARGETED_DEVICE_FAMILY = "1,2";
			};
			name = Release;
		};
		12FA5F972D045F04000C6A54 /* Debug */ = {
			isa = XCBuildConfiguration;
			buildSettings = {
				BUNDLE_LOADER = "$(TEST_HOST)";
				CODE_SIGN_STYLE = Automatic;
				CURRENT_PROJECT_VERSION = 1;
				GENERATE_INFOPLIST_FILE = YES;
				IPHONEOS_DEPLOYMENT_TARGET = 18.1;
				MARKETING_VERSION = 1.0;
				PRODUCT_BUNDLE_IDENTIFIER = bbb.mobilkaTests;
				PRODUCT_NAME = "$(TARGET_NAME)";
				SWIFT_EMIT_LOC_STRINGS = NO;
				SWIFT_VERSION = 5.0;
				TARGETED_DEVICE_FAMILY = "1,2";
				TEST_HOST = "$(BUILT_PRODUCTS_DIR)/mobilka.app/$(BUNDLE_EXECUTABLE_FOLDER_PATH)/mobilka";
			};
			name = Debug;
		};
		12FA5F982D045F04000C6A54 /* Release */ = {
			isa = XCBuildConfiguration;
			buildSettings = {
				BUNDLE_LOADER = "$(TEST_HOST)";
				CODE_SIGN_STYLE = Automatic;
				CURRENT_PROJECT_VERSION = 1;
				GENERATE_INFOPLIST_FILE = YES;
				IPHONEOS_DEPLOYMENT_TARGET = 18.1;
				MARKETING_VERSION = 1.0;
				PRODUCT_BUNDLE_IDENTIFIER = bbb.mobilkaTests;
				PRODUCT_NAME = "$(TARGET_NAME)";
				SWIFT_EMIT_LOC_STRINGS = NO;
				SWIFT_VERSION = 5.0;
				TARGETED_DEVICE_FAMILY = "1,2";
				TEST_HOST = "$(BUILT_PRODUCTS_DIR)/mobilka.app/$(BUNDLE_EXECUTABLE_FOLDER_PATH)/mobilka";
			};
			name = Release;
		};
		12FA5F9A2D045F04000C6A54 /* Debug */ = {
			isa = XCBuildConfiguration;
			buildSettings = {
				CODE_SIGN_STYLE = Automatic;
				CURRENT_PROJECT_VERSION = 1;
				GENERATE_INFOPLIST_FILE = YES;
				MARKETING_VERSION = 1.0;
				PRODUCT_BUNDLE_IDENTIFIER = bbb.mobilkaUITests;
				PRODUCT_NAME = "$(TARGET_NAME)";
				SWIFT_EMIT_LOC_STRINGS = NO;
				SWIFT_VERSION = 5.0;
				TARGETED_DEVICE_FAMILY = "1,2";
				TEST_TARGET_NAME = mobilka;
			};
			name = Debug;
		};
		12FA5F9B2D045F04000C6A54 /* Release */ = {
			isa = XCBuildConfiguration;
			buildSettings = {
				CODE_SIGN_STYLE = Automatic;
				CURRENT_PROJECT_VERSION = 1;
				GENERATE_INFOPLIST_FILE = YES;
				MARKETING_VERSION = 1.0;
				PRODUCT_BUNDLE_IDENTIFIER = bbb.mobilkaUITests;
				PRODUCT_NAME = "$(TARGET_NAME)";
				SWIFT_EMIT_LOC_STRINGS = NO;
				SWIFT_VERSION = 5.0;
				TARGETED_DEVICE_FAMILY = "1,2";
				TEST_TARGET_NAME = mobilka;
			};
			name = Release;
		};
/* End XCBuildConfiguration section */

/* Begin XCConfigurationList section */
		12FA5F6A2D045F01000C6A54 /* Build configuration list for PBXProject "mobilka" */ = {
			isa = XCConfigurationList;
			buildConfigurations = (
				12FA5F912D045F04000C6A54 /* Debug */,
				12FA5F922D045F04000C6A54 /* Release */,
			);
			defaultConfigurationIsVisible = 0;
			defaultConfigurationName = Release;
		};
		12FA5F932D045F04000C6A54 /* Build configuration list for PBXNativeTarget "mobilka" */ = {
			isa = XCConfigurationList;
			buildConfigurations = (
				12FA5F942D045F04000C6A54 /* Debug */,
				12FA5F952D045F04000C6A54 /* Release */,
			);
			defaultConfigurationIsVisible = 0;
			defaultConfigurationName = Release;
		};
		12FA5F962D045F04000C6A54 /* Build configuration list for PBXNativeTarget "mobilkaTests" */ = {
			isa = XCConfigurationList;
			buildConfigurations = (
				12FA5F972D045F04000C6A54 /* Debug */,
				12FA5F982D045F04000C6A54 /* Release */,
			);
			defaultConfigurationIsVisible = 0;
			defaultConfigurationName = Release;
		};
		12FA5F992D045F04000C6A54 /* Build configuration list for PBXNativeTarget "mobilkaUITests" */ = {
			isa = XCConfigurationList;
			buildConfigurations = (
				12FA5F9A2D045F04000C6A54 /* Debug */,
				12FA5F9B2D045F04000C6A54 /* Release */,
			);
			defaultConfigurationIsVisible = 0;
			defaultConfigurationName = Release;
		};
/* End XCConfigurationList section */
	};
	rootObject = 12FA5F672D045F01000C6A54 /* Project object */;
}
